{
  "name": "Weebrary",
  "lockfileVersion": 3,
  "requires": true,
  "packages": {
    "": {
      "dependencies": {
        "@mateoaranda/jikanjs": "^1.2.4"
      }
    },
    "node_modules/@mateoaranda/jikanjs": {
      "version": "1.2.4",
      "resolved": "https://registry.npmjs.org/@mateoaranda/jikanjs/-/jikanjs-1.2.4.tgz",
      "integrity": "sha512-iZ1JvpmuXa9Rwhg8Cnws1hLtDKLj6uTP/NhWhbF8P5pGFwMWjYkcLCL3tTzQAcR5ozj3XfBCKglTb3B3Bq6ULw=="
    }
  }
}
